
Microsoft Visual Studio Solution File, Format Version 12.00
# Visual Studio 15
VisualStudioVersion = 15.0.26124.0
MinimumVisualStudioVersion = 15.0.26124.0
Project("{FAE04EC0-301F-11D3-BF4B-00C04F79EFBC}") = "Domain", "Domain\Domain.csproj", "{3019F891-FD1C-46B0-88F5-D3523FD344D8}"
EndProject
Project("{FAE04EC0-301F-11D3-BF4B-00C04F79EFBC}") = "Persistence", "Persistence\Persistence.csproj", "{3AB16B68-CC27-43CD-9CCE-DF944EF03A46}"
EndProject
Project("{FAE04EC0-301F-11D3-BF4B-00C04F79EFBC}") = "API", "API\API.csproj", "{8524E7A9-415E-4FC0-ACD3-08822A38DF97}"
EndProject
Project("{FAE04EC0-301F-11D3-BF4B-00C04F79EFBC}") = "Application", "Application\Application.csproj", "{C2D746C9-0AC5-4E2A-9B49-84260FDA57B6}"
EndProject
Global
	GlobalSection(SolutionConfigurationPlatforms) = preSolution
		Debug|Any CPU = Debug|Any CPU
		Debug|x64 = Debug|x64
		Debug|x86 = Debug|x86
		Release|Any CPU = Release|Any CPU
		Release|x64 = Release|x64
		Release|x86 = Release|x86
	EndGlobalSection
	GlobalSection(SolutionProperties) = preSolution
		HideSolutionNode = FALSE
	EndGlobalSection
	GlobalSection(ProjectConfigurationPlatforms) = postSolution
		{3019F891-FD1C-46B0-88F5-D3523FD344D8}.Debug|Any CPU.ActiveCfg = Debug|Any CPU
		{3019F891-FD1C-46B0-88F5-D3523FD344D8}.Debug|Any CPU.Build.0 = Debug|Any CPU
		{3019F891-FD1C-46B0-88F5-D3523FD344D8}.Debug|x64.ActiveCfg = Debug|Any CPU
		{3019F891-FD1C-46B0-88F5-D3523FD344D8}.Debug|x64.Build.0 = Debug|Any CPU
		{3019F891-FD1C-46B0-88F5-D3523FD344D8}.Debug|x86.ActiveCfg = Debug|Any CPU
		{3019F891-FD1C-46B0-88F5-D3523FD344D8}.Debug|x86.Build.0 = Debug|Any CPU
		{3019F891-FD1C-46B0-88F5-D3523FD344D8}.Release|Any CPU.ActiveCfg = Release|Any CPU
		{3019F891-FD1C-46B0-88F5-D3523FD344D8}.Release|Any CPU.Build.0 = Release|Any CPU
		{3019F891-FD1C-46B0-88F5-D3523FD344D8}.Release|x64.ActiveCfg = Release|Any CPU
		{3019F891-FD1C-46B0-88F5-D3523FD344D8}.Release|x64.Build.0 = Release|Any CPU
		{3019F891-FD1C-46B0-88F5-D3523FD344D8}.Release|x86.ActiveCfg = Release|Any CPU
		{3019F891-FD1C-46B0-88F5-D3523FD344D8}.Release|x86.Build.0 = Release|Any CPU
		{3AB16B68-CC27-43CD-9CCE-DF944EF03A46}.Debug|Any CPU.ActiveCfg = Debug|Any CPU
		{3AB16B68-CC27-43CD-9CCE-DF944EF03A46}.Debug|Any CPU.Build.0 = Debug|Any CPU
		{3AB16B68-CC27-43CD-9CCE-DF944EF03A46}.Debug|x64.ActiveCfg = Debug|Any CPU
		{3AB16B68-CC27-43CD-9CCE-DF944EF03A46}.Debug|x64.Build.0 = Debug|Any CPU
		{3AB16B68-CC27-43CD-9CCE-DF944EF03A46}.Debug|x86.ActiveCfg = Debug|Any CPU
		{3AB16B68-CC27-43CD-9CCE-DF944EF03A46}.Debug|x86.Build.0 = Debug|Any CPU
		{3AB16B68-CC27-43CD-9CCE-DF944EF03A46}.Release|Any CPU.ActiveCfg = Release|Any CPU
		{3AB16B68-CC27-43CD-9CCE-DF944EF03A46}.Release|Any CPU.Build.0 = Release|Any CPU
		{3AB16B68-CC27-43CD-9CCE-DF944EF03A46}.Release|x64.ActiveCfg = Release|Any CPU
		{3AB16B68-CC27-43CD-9CCE-DF944EF03A46}.Release|x64.Build.0 = Release|Any CPU
		{3AB16B68-CC27-43CD-9CCE-DF944EF03A46}.Release|x86.ActiveCfg = Release|Any CPU
		{3AB16B68-CC27-43CD-9CCE-DF944EF03A46}.Release|x86.Build.0 = Release|Any CPU
		{8524E7A9-415E-4FC0-ACD3-08822A38DF97}.Debug|Any CPU.ActiveCfg = Debug|Any CPU
		{8524E7A9-415E-4FC0-ACD3-08822A38DF97}.Debug|Any CPU.Build.0 = Debug|Any CPU
		{8524E7A9-415E-4FC0-ACD3-08822A38DF97}.Debug|x64.ActiveCfg = Debug|Any CPU
		{8524E7A9-415E-4FC0-ACD3-08822A38DF97}.Debug|x64.Build.0 = Debug|Any CPU
		{8524E7A9-415E-4FC0-ACD3-08822A38DF97}.Debug|x86.ActiveCfg = Debug|Any CPU
		{8524E7A9-415E-4FC0-ACD3-08822A38DF97}.Debug|x86.Build.0 = Debug|Any CPU
		{8524E7A9-415E-4FC0-ACD3-08822A38DF97}.Release|Any CPU.ActiveCfg = Release|Any CPU
		{8524E7A9-415E-4FC0-ACD3-08822A38DF97}.Release|Any CPU.Build.0 = Release|Any CPU
		{8524E7A9-415E-4FC0-ACD3-08822A38DF97}.Release|x64.ActiveCfg = Release|Any CPU
		{8524E7A9-415E-4FC0-ACD3-08822A38DF97}.Release|x64.Build.0 = Release|Any CPU
		{8524E7A9-415E-4FC0-ACD3-08822A38DF97}.Release|x86.ActiveCfg = Release|Any CPU
		{8524E7A9-415E-4FC0-ACD3-08822A38DF97}.Release|x86.Build.0 = Release|Any CPU
		{C2D746C9-0AC5-4E2A-9B49-84260FDA57B6}.Debug|Any CPU.ActiveCfg = Debug|Any CPU
		{C2D746C9-0AC5-4E2A-9B49-84260FDA57B6}.Debug|Any CPU.Build.0 = Debug|Any CPU
		{C2D746C9-0AC5-4E2A-9B49-84260FDA57B6}.Debug|x64.ActiveCfg = Debug|Any CPU
		{C2D746C9-0AC5-4E2A-9B49-84260FDA57B6}.Debug|x64.Build.0 = Debug|Any CPU
		{C2D746C9-0AC5-4E2A-9B49-84260FDA57B6}.Debug|x86.ActiveCfg = Debug|Any CPU
		{C2D746C9-0AC5-4E2A-9B49-84260FDA57B6}.Debug|x86.Build.0 = Debug|Any CPU
		{C2D746C9-0AC5-4E2A-9B49-84260FDA57B6}.Release|Any CPU.ActiveCfg = Release|Any CPU
		{C2D746C9-0AC5-4E2A-9B49-84260FDA57B6}.Release|Any CPU.Build.0 = Release|Any CPU
		{C2D746C9-0AC5-4E2A-9B49-84260FDA57B6}.Release|x64.ActiveCfg = Release|Any CPU
		{C2D746C9-0AC5-4E2A-9B49-84260FDA57B6}.Release|x64.Build.0 = Release|Any CPU
		{C2D746C9-0AC5-4E2A-9B49-84260FDA57B6}.Release|x86.ActiveCfg = Release|Any CPU
		{C2D746C9-0AC5-4E2A-9B49-84260FDA57B6}.Release|x86.Build.0 = Release|Any CPU
	EndGlobalSection
EndGlobal
